
Microsoft Visual Studio Solution File, Format Version 12.00
# Visual Studio Version 17
VisualStudioVersion = 17.0.31903.59
MinimumVisualStudioVersion = 10.0.40219.1
Project("{FAE04EC0-301F-11D3-BF4B-00C04F79EFBC}") = "Client", "TcpClient\Client.csproj", "{70DDA31A-B4D9-4C11-91E4-B46BB1936493}"
EndProject
Project("{9A19103F-16F7-4668-BE54-9A1E7A4F7556}") = "TCPServer", "LabaN17.2\TCPServer.csproj", "{703F6446-9114-4FB4-A755-E89D90625261}"
EndProject
Global
	GlobalSection(SolutionConfigurationPlatforms) = preSolution
		Debug|Any CPU = Debug|Any CPU
		Release|Any CPU = Release|Any CPU
	EndGlobalSection
	GlobalSection(ProjectConfigurationPlatforms) = postSolution
		{70DDA31A-B4D9-4C11-91E4-B46BB1936493}.Debug|Any CPU.ActiveCfg = Debug|Any CPU
		{70DDA31A-B4D9-4C11-91E4-B46BB1936493}.Debug|Any CPU.Build.0 = Debug|Any CPU
		{70DDA31A-B4D9-4C11-91E4-B46BB1936493}.Release|Any CPU.ActiveCfg = Release|Any CPU
		{70DDA31A-B4D9-4C11-91E4-B46BB1936493}.Release|Any CPU.Build.0 = Release|Any CPU
		{703F6446-9114-4FB4-A755-E89D90625261}.Debug|Any CPU.ActiveCfg = Debug|Any CPU
		{703F6446-9114-4FB4-A755-E89D90625261}.Debug|Any CPU.Build.0 = Debug|Any CPU
		{703F6446-9114-4FB4-A755-E89D90625261}.Release|Any CPU.ActiveCfg = Release|Any CPU
		{703F6446-9114-4FB4-A755-E89D90625261}.Release|Any CPU.Build.0 = Release|Any CPU
	EndGlobalSection
	GlobalSection(SolutionProperties) = preSolution
		HideSolutionNode = FALSE
	EndGlobalSection
	GlobalSection(ExtensibilityGlobals) = postSolution
		SolutionGuid = {F9A6B641-1376-4013-955D-86EBD7A6A4AF}
	EndGlobalSection
EndGlobal
